
Microsoft Visual Studio Solution File, Format Version 12.00
# Visual Studio Version 16
VisualStudioVersion = 16.0.30404.54
MinimumVisualStudioVersion = 10.0.40219.1
Project("{FAE04EC0-301F-11D3-BF4B-00C04F79EFBC}") = "ZoomImage-Xamarin", "ZoomImage-Xamarin\ZoomImage-Xamarin.csproj", "{6F7B96B7-C9D2-4B90-AB0E-6B842A319159}"
EndProject
Project("{FAE04EC0-301F-11D3-BF4B-00C04F79EFBC}") = "ZoomImage-App", "ZoomImage-App\ZoomImage-App.csproj", "{274C77F6-CD1F-4D1C-993C-DD902E6512D0}"
EndProject
Global
	GlobalSection(SolutionConfigurationPlatforms) = preSolution
		Debug|Any CPU = Debug|Any CPU
		Release|Any CPU = Release|Any CPU
	EndGlobalSection
	GlobalSection(ProjectConfigurationPlatforms) = postSolution
		{6F7B96B7-C9D2-4B90-AB0E-6B842A319159}.Debug|Any CPU.ActiveCfg = Debug|Any CPU
		{6F7B96B7-C9D2-4B90-AB0E-6B842A319159}.Debug|Any CPU.Build.0 = Debug|Any CPU
		{6F7B96B7-C9D2-4B90-AB0E-6B842A319159}.Release|Any CPU.ActiveCfg = Release|Any CPU
		{6F7B96B7-C9D2-4B90-AB0E-6B842A319159}.Release|Any CPU.Build.0 = Release|Any CPU
		{274C77F6-CD1F-4D1C-993C-DD902E6512D0}.Debug|Any CPU.ActiveCfg = Debug|Any CPU
		{274C77F6-CD1F-4D1C-993C-DD902E6512D0}.Debug|Any CPU.Build.0 = Debug|Any CPU
		{274C77F6-CD1F-4D1C-993C-DD902E6512D0}.Debug|Any CPU.Deploy.0 = Debug|Any CPU
		{274C77F6-CD1F-4D1C-993C-DD902E6512D0}.Release|Any CPU.ActiveCfg = Release|Any CPU
		{274C77F6-CD1F-4D1C-993C-DD902E6512D0}.Release|Any CPU.Build.0 = Release|Any CPU
		{274C77F6-CD1F-4D1C-993C-DD902E6512D0}.Release|Any CPU.Deploy.0 = Release|Any CPU
	EndGlobalSection
	GlobalSection(SolutionProperties) = preSolution
		HideSolutionNode = FALSE
	EndGlobalSection
	GlobalSection(ExtensibilityGlobals) = postSolution
		SolutionGuid = {B3325223-7DE6-4B42-88D7-F8B3AABCCFE9}
	EndGlobalSection
EndGlobal
